// !$*UTF8*$!
{
	archiveVersion = 1;
	classes = {
	};
	objectVersion = 46;
	objects = {

/* Begin PBXBuildFile section */
		1BF8E19C1C092DB000DAA92E /* AppDelegate.swift in Sources */ = {isa = PBXBuildFile; fileRef = 1BF8E19B1C092DB000DAA92E /* AppDelegate.swift */; };
		1BF8E19E1C092DB000DAA92E /* ViewController.swift in Sources */ = {isa = PBXBuildFile; fileRef = 1BF8E19D1C092DB000DAA92E /* ViewController.swift */; };
		1BF8E1A11C092DB000DAA92E /* Main.storyboard in Resources */ = {isa = PBXBuildFile; fileRef = 1BF8E19F1C092DB000DAA92E /* Main.storyboard */; };
		1BF8E1A31C092DB100DAA92E /* Assets.xcassets in Resources */ = {isa = PBXBuildFile; fileRef = 1BF8E1A21C092DB100DAA92E /* Assets.xcassets */; };
		1BF8E1A61C092DB100DAA92E /* LaunchScreen.storyboard in Resources */ = {isa = PBXBuildFile; fileRef = 1BF8E1A41C092DB100DAA92E /* LaunchScreen.storyboard */; };
		1BF8E1AE1C0932C400DAA92E /* PrincipalViewController.swift in Sources */ = {isa = PBXBuildFile; fileRef = 1BF8E1AD1C0932C400DAA92E /* PrincipalViewController.swift */; };
		1BF8E1B01C0932D400DAA92E /* Pantalla2ViewController.swift in Sources */ = {isa = PBXBuildFile; fileRef = 1BF8E1AF1C0932D400DAA92E /* Pantalla2ViewController.swift */; };
		1BF8E1B21C0932E200DAA92E /* Pantalla3ViewController.swift in Sources */ = {isa = PBXBuildFile; fileRef = 1BF8E1B11C0932E200DAA92E /* Pantalla3ViewController.swift */; };
/* End PBXBuildFile section */

/* Begin PBXFileReference section */
		1BF8E1981C092DB000DAA92E /* NavigationController.app */ = {isa = PBXFileReference; explicitFileType = wrapper.application; includeInIndex = 0; path = NavigationController.app; sourceTree = BUILT_PRODUCTS_DIR; };
		1BF8E19B1C092DB000DAA92E /* AppDelegate.swift */ = {isa = PBXFileReference; lastKnownFileType = sourcecode.swift; path = AppDelegate.swift; sourceTree = "<group>"; };
		1BF8E19D1C092DB000DAA92E /* ViewController.swift */ = {isa = PBXFileReference; lastKnownFileType = sourcecode.swift; path = ViewController.swift; sourceTree = "<group>"; };
		1BF8E1A01C092DB000DAA92E /* Base */ = {isa = PBXFileReference; lastKnownFileType = file.storyboard; name = Base; path = Base.lproj/Main.storyboard; sourceTree = "<group>"; };
		1BF8E1A21C092DB100DAA92E /* Assets.xcassets */ = {isa = PBXFileReference; lastKnownFileType = folder.assetcatalog; path = Assets.xcassets; sourceTree = "<group>"; };
		1BF8E1A51C092DB100DAA92E /* Base */ = {isa = PBXFileReference; lastKnownFileType = file.storyboard; name = Base; path = Base.lproj/LaunchScreen.storyboard; sourceTree = "<group>"; };
		1BF8E1A71C092DB100DAA92E /* Info.plist */ = {isa = PBXFileReference; lastKnownFileType = text.plist.xml; path = Info.plist; sourceTree = "<group>"; };
		1BF8E1AD1C0932C400DAA92E /* PrincipalViewController.swift */ = {isa = PBXFileReference; fileEncoding = 4; lastKnownFileType = sourcecode.swift; path = PrincipalViewController.swift; sourceTree = "<group>"; };
		1BF8E1AF1C0932D400DAA92E /* Pantalla2ViewController.swift */ = {isa = PBXFileReference; fileEncoding = 4; lastKnownFileType = sourcecode.swift; path = Pantalla2ViewController.swift; sourceTree = "<group>"; };
		1BF8E1B11C0932E200DAA92E /* Pantalla3ViewController.swift */ = {isa = PBXFileReference; fileEncoding = 4; lastKnownFileType = sourcecode.swift; path = Pantalla3ViewController.swift; sourceTree = "<group>"; };
/* End PBXFileReference section */

/* Begin PBXFrameworksBuildPhase section */
		1BF8E1951C092DB000DAA92E /* Frameworks */ = {
			isa = PBXFrameworksBuildPhase;
			buildActionMask = 2147483647;
			files = (
			);
			runOnlyForDeploymentPostprocessing = 0;
		};
/* End PBXFrameworksBuildPhase section */

/* Begin PBXGroup section */
		1BF8E18F1C092DB000DAA92E = {
			isa = PBXGroup;
			children = (
				1BF8E19A1C092DB000DAA92E /* NavigationController */,
				1BF8E1991C092DB000DAA92E /* Products */,
			);
			sourceTree = "<group>";
		};
		1BF8E1991C092DB000DAA92E /* Products */ = {
			isa = PBXGroup;
			children = (
				1BF8E1981C092DB000DAA92E /* NavigationController.app */,
			);
			name = Products;
			sourceTree = "<group>";
		};
		1BF8E19A1C092DB000DAA92E /* NavigationController */ = {
			isa = PBXGroup;
			children = (
				1BF8E19B1C092DB000DAA92E /* AppDelegate.swift */,
				1BF8E19D1C092DB000DAA92E /* ViewController.swift */,
				1BF8E19F1C092DB000DAA92E /* Main.storyboard */,
				1BF8E1A21C092DB100DAA92E /* Assets.xcassets */,
				1BF8E1A41C092DB100DAA92E /* LaunchScreen.storyboard */,
				1BF8E1A71C092DB100DAA92E /* Info.plist */,
				1BF8E1AD1C0932C400DAA92E /* PrincipalViewController.swift */,
				1BF8E1AF1C0932D400DAA92E /* Pantalla2ViewController.swift */,
				1BF8E1B11C0932E200DAA92E /* Pantalla3ViewController.swift */,
			);
			path = NavigationController;
			sourceTree = "<group>";
		};
/* End PBXGroup section */

/* Begin PBXNativeTarget section */
		1BF8E1971C092DB000DAA92E /* NavigationController */ = {
			isa = PBXNativeTarget;
			buildConfigurationList = 1BF8E1AA1C092DB100DAA92E /* Build configuration list for PBXNativeTarget "NavigationController" */;
			buildPhases = (
				1BF8E1941C092DB000DAA92E /* Sources */,
				1BF8E1951C092DB000DAA92E /* Frameworks */,
				1BF8E1961C092DB000DAA92E /* Resources */,
			);
			buildRules = (
			);
			dependencies = (
			);
			name = NavigationController;
			productName = NavigationController;
			productReference = 1BF8E1981C092DB000DAA92E /* NavigationController.app */;
			productType = "com.apple.product-type.application";
		};
/* End PBXNativeTarget section */

/* Begin PBXProject section */
		1BF8E1901C092DB000DAA92E /* Project object */ = {
			isa = PBXProject;
			attributes = {
				LastSwiftUpdateCheck = 0710;
				LastUpgradeCheck = 0710;
				ORGANIZATIONNAME = Aplimovil;
				TargetAttributes = {
					1BF8E1971C092DB000DAA92E = {
						CreatedOnToolsVersion = 7.1.1;
					};
				};
			};
			buildConfigurationList = 1BF8E1931C092DB000DAA92E /* Build configuration list for PBXProject "NavigationController" */;
			compatibilityVersion = "Xcode 3.2";
			developmentRegion = English;
			hasScannedForEncodings = 0;
			knownRegions = (
				en,
				Base,
			);
			mainGroup = 1BF8E18F1C092DB000DAA92E;
			productRefGroup = 1BF8E1991C092DB000DAA92E /* Products */;
			projectDirPath = "";
			projectRoot = "";
			targets = (
				1BF8E1971C092DB000DAA92E /* NavigationController */,
			);
		};
/* End PBXProject section */

/* Begin PBXResourcesBuildPhase section */
		1BF8E1961C092DB000DAA92E /* Resources */ = {
			isa = PBXResourcesBuildPhase;
			buildActionMask = 2147483647;
			files = (
				1BF8E1A61C092DB100DAA92E /* LaunchScreen.storyboard in Resources */,
				1BF8E1A31C092DB100DAA92E /* Assets.xcassets in Resources */,
				1BF8E1A11C092DB000DAA92E /* Main.storyboard in Resources */,
			);
			runOnlyForDeploymentPostprocessing = 0;
		};
/* End PBXResourcesBuildPhase section */

/* Begin PBXSourcesBuildPhase section */
		1BF8E1941C092DB000DAA92E /* Sources */ = {
			isa = PBXSourcesBuildPhase;
			buildActionMask = 2147483647;
			files = (
				1BF8E1AE1C0932C400DAA92E /* PrincipalViewController.swift in Sources */,
				1BF8E1B21C0932E200DAA92E /* Pantalla3ViewController.swift in Sources */,
				1BF8E19E1C092DB000DAA92E /* ViewController.swift in Sources */,
				1BF8E1B01C0932D400DAA92E /* Pantalla2ViewController.swift in Sources */,
				1BF8E19C1C092DB000DAA92E /* AppDelegate.swift in Sources */,
			);
			runOnlyForDeploymentPostprocessing = 0;
		};
/* End PBXSourcesBuildPhase section */

/* Begin PBXVariantGroup section */
		1BF8E19F1C092DB000DAA92E /* Main.storyboard */ = {
			isa = PBXVariantGroup;
			children = (
				1BF8E1A01C092DB000DAA92E /* Base */,
			);
			name = Main.storyboard;
			sourceTree = "<group>";
		};
		1BF8E1A41C092DB100DAA92E /* LaunchScreen.storyboard */ = {
			isa = PBXVariantGroup;
			children = (
				1BF8E1A51C092DB100DAA92E /* Base */,
			);
			name = LaunchScreen.storyboard;
			sourceTree = "<group>";
		};
/* End PBXVariantGroup section */

/* Begin XCBuildConfiguration section */
		1BF8E1A81C092DB100DAA92E /* Debug */ = {
			isa = XCBuildConfiguration;
			buildSettings = {
				ALWAYS_SEARCH_USER_PATHS = NO;
				CLANG_CXX_LANGUAGE_STANDARD = "gnu++0x";
				CLANG_CXX_LIBRARY = "libc++";
				CLANG_ENABLE_MODULES = YES;
				CLANG_ENABLE_OBJC_ARC = YES;
				CLANG_WARN_BOOL_CONVERSION = YES;
				CLANG_WARN_CONSTANT_CONVERSION = YES;
				CLANG_WARN_DIRECT_OBJC_ISA_USAGE = YES_ERROR;
				CLANG_WARN_EMPTY_BODY = YES;
				CLANG_WARN_ENUM_CONVERSION = YES;
				CLANG_WARN_INT_CONVERSION = YES;
				CLANG_WARN_OBJC_ROOT_CLASS = YES_ERROR;
				CLANG_WARN_UNREACHABLE_CODE = YES;
				CLANG_WARN__DUPLICATE_METHOD_MATCH = YES;
				"CODE_SIGN_IDENTITY[sdk=iphoneos*]" = "iPhone Developer";
				COPY_PHASE_STRIP = NO;
				DEBUG_INFORMATION_FORMAT = dwarf;
				ENABLE_STRICT_OBJC_MSGSEND = YES;
				ENABLE_TESTABILITY = YES;
				GCC_C_LANGUAGE_STANDARD = gnu99;
				GCC_DYNAMIC_NO_PIC = NO;
				GCC_NO_COMMON_BLOCKS = YES;
				GCC_OPTIMIZATION_LEVEL = 0;
				GCC_PREPROCESSOR_DEFINITIONS = (
					"DEBUG=1",
					"$(inherited)",
				);
				GCC_WARN_64_TO_32_BIT_CONVERSION = YES;
				GCC_WARN_ABOUT_RETURN_TYPE = YES_ERROR;
				GCC_WARN_UNDECLARED_SELECTOR = YES;
				GCC_WARN_UNINITIALIZED_AUTOS = YES_AGGRESSIVE;
				GCC_WARN_UNUSED_FUNCTION = YES;
				GCC_WARN_UNUSED_VARIABLE = YES;
				IPHONEOS_DEPLOYMENT_TARGET = 9.1;
				MTL_ENABLE_DEBUG_INFO = YES;
				ONLY_ACTIVE_ARCH = YES;
				SDKROOT = iphoneos;
				SWIFT_OPTIMIZATION_LEVEL = "-Onone";
				TARGETED_DEVICE_FAMILY = "1,2";
			};
			name = Debug;
		};
		1BF8E1A91C092DB100DAA92E /* Release */ = {
			isa = XCBuildConfiguration;
			buildSettings = {
				ALWAYS_SEARCH_USER_PATHS = NO;
				CLANG_CXX_LANGUAGE_STANDARD = "gnu++0x";
				CLANG_CXX_LIBRARY = "libc++";
				CLANG_ENABLE_MODULES = YES;
				CLANG_ENABLE_OBJC_ARC = YES;
				CLANG_WARN_BOOL_CONVERSION = YES;
				CLANG_WARN_CONSTANT_CONVERSION = YES;
				CLANG_WARN_DIRECT_OBJC_ISA_USAGE = YES_ERROR;
				CLANG_WARN_EMPTY_BODY = YES;
				CLANG_WARN_ENUM_CONVERSION = YES;
				CLANG_WARN_INT_CONVERSION = YES;
				CLANG_WARN_OBJC_ROOT_CLASS = YES_ERROR;
				CLANG_WARN_UNREACHABLE_CODE = YES;
				CLANG_WARN__DUPLICATE_METHOD_MATCH = YES;
				"CODE_SIGN_IDENTITY[sdk=iphoneos*]" = "iPhone Developer";
				COPY_PHASE_STRIP = NO;
				DEBUG_INFORMATION_FORMAT = "dwarf-with-dsym";
				ENABLE_NS_ASSERTIONS = NO;
				ENABLE_STRICT_OBJC_MSGSEND = YES;
				GCC_C_LANGUAGE_STANDARD = gnu99;
				GCC_NO_COMMON_BLOCKS = YES;
				GCC_WARN_64_TO_32_BIT_CONVERSION = YES;
				GCC_WARN_ABOUT_RETURN_TYPE = YES_ERROR;
				GCC_WARN_UNDECLARED_SELECTOR = YES;
				GCC_WARN_UNINITIALIZED_AUTOS = YES_AGGRESSIVE;
				GCC_WARN_UNUSED_FUNCTION = YES;
				GCC_WARN_UNUSED_VARIABLE = YES;
				IPHONEOS_DEPLOYMENT_TARGET = 9.1;
				MTL_ENABLE_DEBUG_INFO = NO;
				SDKROOT = iphoneos;
				TARGETED_DEVICE_FAMILY = "1,2";
				VALIDATE_PRODUCT = YES;
			};
			name = Release;
		};
		1BF8E1AB1C092DB100DAA92E /* Debug */ = {
			isa = XCBuildConfiguration;
			buildSettings = {
				ASSETCATALOG_COMPILER_APPICON_NAME = AppIcon;
				INFOPLIST_FILE = NavigationController/Info.plist;
				LD_RUNPATH_SEARCH_PATHS = "$(inherited) @executable_path/Frameworks";
				PRODUCT_BUNDLE_IDENTIFIER = unicauca.NavigationController;
				PRODUCT_NAME = "$(TARGET_NAME)";
			};
			name = Debug;
		};
		1BF8E1AC1C092DB100DAA92E /* Release */ = {
			isa = XCBuildConfiguration;
			buildSettings = {
				ASSETCATALOG_COMPILER_APPICON_NAME = AppIcon;
				INFOPLIST_FILE = NavigationController/Info.plist;
				LD_RUNPATH_SEARCH_PATHS = "$(inherited) @executable_path/Frameworks";
				PRODUCT_BUNDLE_IDENTIFIER = unicauca.NavigationController;
				PRODUCT_NAME = "$(TARGET_NAME)";
			};
			name = Release;
		};
/* End XCBuildConfiguration section */

/* Begin XCConfigurationList section */
		1BF8E1931C092DB000DAA92E /* Build configuration list for PBXProject "NavigationController" */ = {
			isa = XCConfigurationList;
			buildConfigurations = (
				1BF8E1A81C092DB100DAA92E /* Debug */,
				1BF8E1A91C092DB100DAA92E /* Release */,
			);
			defaultConfigurationIsVisible = 0;
			defaultConfigurationName = Release;
		};
		1BF8E1AA1C092DB100DAA92E /* Build configuration list for PBXNativeTarget "NavigationController" */ = {
			isa = XCConfigurationList;
			buildConfigurations = (
				1BF8E1AB1C092DB100DAA92E /* Debug */,
				1BF8E1AC1C092DB100DAA92E /* Release */,
			);
			defaultConfigurationIsVisible = 0;
		};
/* End XCConfigurationList section */
	};
	rootObject = 1BF8E1901C092DB000DAA92E /* Project object */;
}
